
Microsoft Visual Studio Solution File, Format Version 12.00
# Visual Studio Version 16
VisualStudioVersion = 16.0.30204.135
MinimumVisualStudioVersion = 10.0.40219.1
Project("{FAE04EC0-301F-11D3-BF4B-00C04F79EFBC}") = "Clase_23", "Clase_23\Clase_23.csproj", "{C1394393-5EDD-40D6-B4D6-FC50094A7D4E}"
EndProject
Project("{FAE04EC0-301F-11D3-BF4B-00C04F79EFBC}") = "QueNoLlegueACero", "ProyectoHiloEvento\QueNoLlegueACero.csproj", "{F945AFCE-D00A-4EA5-A781-75B6CD933FB0}"
EndProject
Global
	GlobalSection(SolutionConfigurationPlatforms) = preSolution
		Debug|Any CPU = Debug|Any CPU
		Release|Any CPU = Release|Any CPU
	EndGlobalSection
	GlobalSection(ProjectConfigurationPlatforms) = postSolution
		{C1394393-5EDD-40D6-B4D6-FC50094A7D4E}.Debug|Any CPU.ActiveCfg = Debug|Any CPU
		{C1394393-5EDD-40D6-B4D6-FC50094A7D4E}.Debug|Any CPU.Build.0 = Debug|Any CPU
		{C1394393-5EDD-40D6-B4D6-FC50094A7D4E}.Release|Any CPU.ActiveCfg = Release|Any CPU
		{C1394393-5EDD-40D6-B4D6-FC50094A7D4E}.Release|Any CPU.Build.0 = Release|Any CPU
		{F945AFCE-D00A-4EA5-A781-75B6CD933FB0}.Debug|Any CPU.ActiveCfg = Debug|Any CPU
		{F945AFCE-D00A-4EA5-A781-75B6CD933FB0}.Debug|Any CPU.Build.0 = Debug|Any CPU
		{F945AFCE-D00A-4EA5-A781-75B6CD933FB0}.Release|Any CPU.ActiveCfg = Release|Any CPU
		{F945AFCE-D00A-4EA5-A781-75B6CD933FB0}.Release|Any CPU.Build.0 = Release|Any CPU
	EndGlobalSection
	GlobalSection(SolutionProperties) = preSolution
		HideSolutionNode = FALSE
	EndGlobalSection
	GlobalSection(ExtensibilityGlobals) = postSolution
		SolutionGuid = {150DE6B0-57C3-4299-86BD-2945C6E0007A}
	EndGlobalSection
EndGlobal
