
Microsoft Visual Studio Solution File, Format Version 12.00
# Visual Studio Version 16
VisualStudioVersion = 16.0.29920.165
MinimumVisualStudioVersion = 10.0.40219.1
Project("{FAE04EC0-301F-11D3-BF4B-00C04F79EFBC}") = "Clase_1", "Clase_1\Clase_1.csproj", "{FAB1CEF9-8053-4979-AEA2-5BD2ED0E1EEB}"
EndProject
Project("{FAE04EC0-301F-11D3-BF4B-00C04F79EFBC}") = "Clase_2", "Clase_2\Clase_2.csproj", "{6B920D3F-0523-4386-8952-F66097395370}"
EndProject
Project("{FAE04EC0-301F-11D3-BF4B-00C04F79EFBC}") = "Clase_3", "Clase_3\Clase_3.csproj", "{5CBF1381-58D0-459A-91E3-F93DC894BC7F}"
EndProject
Project("{FAE04EC0-301F-11D3-BF4B-00C04F79EFBC}") = "Clase5.1", "Clase5.1\Clase5.1.csproj", "{6D52EA98-0A6B-4C95-808C-E0CEF1B38B9E}"
EndProject
Project("{FAE04EC0-301F-11D3-BF4B-00C04F79EFBC}") = "Clase_4", "Clase_4\Clase_4.csproj", "{661B1321-6133-438D-8592-1FF32F9D5C5E}"
EndProject
Project("{9A19103F-16F7-4668-BE54-9A1E7A4F7556}") = "Ejercicio_2", "Ejercicio_2\Ejercicio_2.csproj", "{82EF0903-E1A2-44D9-850C-2D515B07566E}"
EndProject
Project("{9A19103F-16F7-4668-BE54-9A1E7A4F7556}") = "Ejercicio_3", "Ejercicio_3\Ejercicio_3.csproj", "{D8C20B18-44AB-4412-97D1-0CC36A064239}"
EndProject
Project("{9A19103F-16F7-4668-BE54-9A1E7A4F7556}") = "Ejercicio_4", "Ejercicio_4\Ejercicio_4.csproj", "{18C6E349-C5FF-4D67-9A49-20A1D454EA5F}"
EndProject
Project("{9A19103F-16F7-4668-BE54-9A1E7A4F7556}") = "Ejercicio_5", "Ejercicio_5\Ejercicio_5.csproj", "{E887EA22-CD83-49E9-A2D1-79D2061A52F9}"
EndProject
Project("{9A19103F-16F7-4668-BE54-9A1E7A4F7556}") = "Ejercicio_6", "Ejercicio_6\Ejercicio_6.csproj", "{FD2CA628-AEFB-49BF-BECB-5462A1C72F0C}"
EndProject
Project("{FAE04EC0-301F-11D3-BF4B-00C04F79EFBC}") = "Ejercicio_7", "Ejercicio_7\Ejercicio_7.csproj", "{461C5E0C-A07B-458C-B89B-98C938B51EFB}"
EndProject
Project("{FAE04EC0-301F-11D3-BF4B-00C04F79EFBC}") = "Ejercicio_8", "Ejercicio_8\Ejercicio_8.csproj", "{B8DEE622-7C41-4C74-ABB7-FE17DCFF09AB}"
EndProject
Project("{FAE04EC0-301F-11D3-BF4B-00C04F79EFBC}") = "Encapsulamiento", "Encapsulamiento\Encapsulamiento.csproj", "{FEAD2EBF-C2F2-4269-A6A9-7CBDE5876B67}"
EndProject
Project("{FAE04EC0-301F-11D3-BF4B-00C04F79EFBC}") = "EntidadesPizzeria", "EntidadesPizzeria\EntidadesPizzeria.csproj", "{841FF030-1405-4E03-A933-B8EC92985DDD}"
EndProject
Project("{FAE04EC0-301F-11D3-BF4B-00C04F79EFBC}") = "pizzeriaFormulario", "Ent.pizzeriaFormulario\pizzeriaFormulario.csproj", "{E44FCD80-5013-46E0-9DE7-8E331047D355}"
EndProject
Project("{FAE04EC0-301F-11D3-BF4B-00C04F79EFBC}") = "Ejercicio_5.TestEstante", "TestEstante\Ejercicio_5.TestEstante.csproj", "{45297BE9-9D0A-4E59-87AA-DAB4AE93DB4F}"
EndProject
Project("{FAE04EC0-301F-11D3-BF4B-00C04F79EFBC}") = "Ejercicio_5.Biblioteca", "Ejercicio_5.Biblioteca\Ejercicio_5.Biblioteca.csproj", "{49047A00-6A4D-4DE6-BA34-CAC251597463}"
EndProject
Project("{FAE04EC0-301F-11D3-BF4B-00C04F79EFBC}") = "Ejercicio_9", "Ejercicio_9\Ejercicio_9.csproj", "{BC0C655D-FAD6-406D-B25B-D1F6D779E734}"
EndProject
Project("{FAE04EC0-301F-11D3-BF4B-00C04F79EFBC}") = "Ejercicio_10", "Ejercicio_10\Ejercicio_10.csproj", "{5FD6B576-ED36-4BED-96CA-7E6873D0D7D3}"
EndProject
Project("{FAE04EC0-301F-11D3-BF4B-00C04F79EFBC}") = "Extensions", "ClassLibrary1\Extensions.csproj", "{99A49601-F8FF-4A32-9537-047BA2DE08EC}"
EndProject
Project("{FAE04EC0-301F-11D3-BF4B-00C04F79EFBC}") = "Ejercicio_11", "Ejercicio_11\Ejercicio_11.csproj", "{9A7D431B-9E13-41D3-AC0D-EC24989C4F10}"
EndProject
Project("{FAE04EC0-301F-11D3-BF4B-00C04F79EFBC}") = "Validaciones", "Validaciones\Validaciones.csproj", "{688C8A72-6676-463B-951D-A1244F7AF98E}"
EndProject
Project("{FAE04EC0-301F-11D3-BF4B-00C04F79EFBC}") = "Ejercicio_1", "Ejercicio_1\Ejercicio_1.csproj", "{3484F768-9C90-4D96-9803-549792AB93EB}"
EndProject
Project("{FAE04EC0-301F-11D3-BF4B-00C04F79EFBC}") = "Ejercicio_12", "Ejercicio_12\Ejercicio_12.csproj", "{AED85740-B9D9-4CF2-A2EF-29320E3564DC}"
EndProject
Project("{FAE04EC0-301F-11D3-BF4B-00C04F79EFBC}") = "Ejercicio_13", "Ejercicio_13\Ejercicio_13.csproj", "{3F6096B8-CC0A-4977-B6E1-915B45C80A92}"
EndProject
Project("{FAE04EC0-301F-11D3-BF4B-00C04F79EFBC}") = "Ejercicio_14", "Ejercicio_14\Ejercicio_14.csproj", "{216A384E-DF27-489C-B467-F48B388BDD3A}"
EndProject
Project("{FAE04EC0-301F-11D3-BF4B-00C04F79EFBC}") = "Ejercicio_15", "Ejercicio_15\Ejercicio_15.csproj", "{DEC572E8-2B41-430C-9442-F3E1CC5EA194}"
EndProject
Project("{FAE04EC0-301F-11D3-BF4B-00C04F79EFBC}") = "Ejercicio_16", "Ejercicio_16\Ejercicio_16.csproj", "{5638B46F-FF70-4EA0-AA49-C19D530C89EC}"
EndProject
Project("{FAE04EC0-301F-11D3-BF4B-00C04F79EFBC}") = "Ejercicio_17", "Ejercicio_17\Ejercicio_17.csproj", "{05951994-1FC4-4CD9-B98F-F481C37D1D4B}"
EndProject
Project("{FAE04EC0-301F-11D3-BF4B-00C04F79EFBC}") = "Clase_6.Herencia", "Clase_6.Herencia\Clase_6.Herencia.csproj", "{2DF54C8F-839D-4436-B05A-74CABCF1EB13}"
EndProject
Project("{FAE04EC0-301F-11D3-BF4B-00C04F79EFBC}") = "Ejercicio_34", "Ejercicio_34\Ejercicio_34.csproj", "{AF73F244-F9DE-4E6F-BC79-8F00F5C1DCED}"
EndProject
Project("{FAE04EC0-301F-11D3-BF4B-00C04F79EFBC}") = "Usuario", "Usuario\Usuario.csproj", "{2D8541E7-CBE2-4A7A-85D1-6A65A4933515}"
EndProject
Project("{FAE04EC0-301F-11D3-BF4B-00C04F79EFBC}") = "Clase_7.Abstraccion", "Clase_6.Abstraccion\Clase_7.Abstraccion.csproj", "{EDDE1C3E-7E05-4341-A9F2-C251945F4296}"
EndProject
Project("{FAE04EC0-301F-11D3-BF4B-00C04F79EFBC}") = "Entidades", "Entidades\Entidades.csproj", "{4A520E62-290A-4092-95CC-EF923AFEE89D}"
EndProject
Project("{FAE04EC0-301F-11D3-BF4B-00C04F79EFBC}") = "Clase_9_Library", "Final_Clase_9\Clase_9_Library\Clase_9_Library.csproj", "{01690D54-C282-4FE4-88CC-5A8CC9773400}"
EndProject
Project("{FAE04EC0-301F-11D3-BF4B-00C04F79EFBC}") = "Clase_9", "Final_Clase_9\Clase_9\Clase_9.csproj", "{910C456A-7AD6-4500-8849-D12CE09CBB4D}"
EndProject
Project("{FAE04EC0-301F-11D3-BF4B-00C04F79EFBC}") = "Ejercicio_18", "Ejercicio_18\Ejercicio_18.csproj", "{1F47682D-F832-46EE-8B3E-FEFA717BEC17}"
EndProject
Project("{FAE04EC0-301F-11D3-BF4B-00C04F79EFBC}") = "ejercicio_18.parte2", "ejercicio_18.parte2\ejercicio_18.parte2.csproj", "{F2E99EAD-F4D8-480E-BA74-E433B8BCFBCD}"
EndProject
Project("{FAE04EC0-301F-11D3-BF4B-00C04F79EFBC}") = "Ejercicio_19", "Ejercicio_19\Ejercicio_19.csproj", "{067FA768-D30B-426F-A7EC-5480B2B4DD74}"
EndProject
Project("{FAE04EC0-301F-11D3-BF4B-00C04F79EFBC}") = "Ejercicio_20", "Ejercicio_20\Ejercicio_20.csproj", "{4713C66B-F1C7-44BE-89E7-0D5590438D49}"
EndProject
Project("{FAE04EC0-301F-11D3-BF4B-00C04F79EFBC}") = "Ejercicio_21", "Ejercicio_21\Ejercicio_21.csproj", "{05B73FD6-A29C-4FF3-9937-26C94B5AD4A0}"
EndProject
Project("{FAE04EC0-301F-11D3-BF4B-00C04F79EFBC}") = "PrimerEjercicioSQL", "PrimerEjercicioSQL\PrimerEjercicioSQL.csproj", "{01B91CA4-DD5E-49C7-BD17-878A6ABBB012}"
EndProject
Project("{FAE04EC0-301F-11D3-BF4B-00C04F79EFBC}") = "Delegados y Eventos", "Delegados y Eventos\Delegados y Eventos.csproj", "{15CC8CBB-E20B-406B-9147-1ED131BB6BC5}"
EndProject
Project("{FAE04EC0-301F-11D3-BF4B-00C04F79EFBC}") = "Ejercicio de Eventos", "Ejercicio de Eventos\Ejercicio de Eventos.csproj", "{6462D287-9A6F-42CC-A3E4-5EBD522873B3}"
EndProject
Global
	GlobalSection(SolutionConfigurationPlatforms) = preSolution
		Debug|Any CPU = Debug|Any CPU
		Release|Any CPU = Release|Any CPU
	EndGlobalSection
	GlobalSection(ProjectConfigurationPlatforms) = postSolution
		{FAB1CEF9-8053-4979-AEA2-5BD2ED0E1EEB}.Debug|Any CPU.ActiveCfg = Debug|Any CPU
		{FAB1CEF9-8053-4979-AEA2-5BD2ED0E1EEB}.Debug|Any CPU.Build.0 = Debug|Any CPU
		{FAB1CEF9-8053-4979-AEA2-5BD2ED0E1EEB}.Release|Any CPU.ActiveCfg = Release|Any CPU
		{FAB1CEF9-8053-4979-AEA2-5BD2ED0E1EEB}.Release|Any CPU.Build.0 = Release|Any CPU
		{6B920D3F-0523-4386-8952-F66097395370}.Debug|Any CPU.ActiveCfg = Debug|Any CPU
		{6B920D3F-0523-4386-8952-F66097395370}.Debug|Any CPU.Build.0 = Debug|Any CPU
		{6B920D3F-0523-4386-8952-F66097395370}.Release|Any CPU.ActiveCfg = Release|Any CPU
		{6B920D3F-0523-4386-8952-F66097395370}.Release|Any CPU.Build.0 = Release|Any CPU
		{5CBF1381-58D0-459A-91E3-F93DC894BC7F}.Debug|Any CPU.ActiveCfg = Debug|Any CPU
		{5CBF1381-58D0-459A-91E3-F93DC894BC7F}.Debug|Any CPU.Build.0 = Debug|Any CPU
		{5CBF1381-58D0-459A-91E3-F93DC894BC7F}.Release|Any CPU.ActiveCfg = Release|Any CPU
		{5CBF1381-58D0-459A-91E3-F93DC894BC7F}.Release|Any CPU.Build.0 = Release|Any CPU
		{6D52EA98-0A6B-4C95-808C-E0CEF1B38B9E}.Debug|Any CPU.ActiveCfg = Debug|Any CPU
		{6D52EA98-0A6B-4C95-808C-E0CEF1B38B9E}.Debug|Any CPU.Build.0 = Debug|Any CPU
		{6D52EA98-0A6B-4C95-808C-E0CEF1B38B9E}.Release|Any CPU.ActiveCfg = Release|Any CPU
		{6D52EA98-0A6B-4C95-808C-E0CEF1B38B9E}.Release|Any CPU.Build.0 = Release|Any CPU
		{661B1321-6133-438D-8592-1FF32F9D5C5E}.Debug|Any CPU.ActiveCfg = Debug|Any CPU
		{661B1321-6133-438D-8592-1FF32F9D5C5E}.Debug|Any CPU.Build.0 = Debug|Any CPU
		{661B1321-6133-438D-8592-1FF32F9D5C5E}.Release|Any CPU.ActiveCfg = Release|Any CPU
		{661B1321-6133-438D-8592-1FF32F9D5C5E}.Release|Any CPU.Build.0 = Release|Any CPU
		{82EF0903-E1A2-44D9-850C-2D515B07566E}.Debug|Any CPU.ActiveCfg = Debug|Any CPU
		{82EF0903-E1A2-44D9-850C-2D515B07566E}.Debug|Any CPU.Build.0 = Debug|Any CPU
		{82EF0903-E1A2-44D9-850C-2D515B07566E}.Release|Any CPU.ActiveCfg = Release|Any CPU
		{82EF0903-E1A2-44D9-850C-2D515B07566E}.Release|Any CPU.Build.0 = Release|Any CPU
		{D8C20B18-44AB-4412-97D1-0CC36A064239}.Debug|Any CPU.ActiveCfg = Debug|Any CPU
		{D8C20B18-44AB-4412-97D1-0CC36A064239}.Debug|Any CPU.Build.0 = Debug|Any CPU
		{D8C20B18-44AB-4412-97D1-0CC36A064239}.Release|Any CPU.ActiveCfg = Release|Any CPU
		{D8C20B18-44AB-4412-97D1-0CC36A064239}.Release|Any CPU.Build.0 = Release|Any CPU
		{18C6E349-C5FF-4D67-9A49-20A1D454EA5F}.Debug|Any CPU.ActiveCfg = Debug|Any CPU
		{18C6E349-C5FF-4D67-9A49-20A1D454EA5F}.Debug|Any CPU.Build.0 = Debug|Any CPU
		{18C6E349-C5FF-4D67-9A49-20A1D454EA5F}.Release|Any CPU.ActiveCfg = Release|Any CPU
		{18C6E349-C5FF-4D67-9A49-20A1D454EA5F}.Release|Any CPU.Build.0 = Release|Any CPU
		{E887EA22-CD83-49E9-A2D1-79D2061A52F9}.Debug|Any CPU.ActiveCfg = Debug|Any CPU
		{E887EA22-CD83-49E9-A2D1-79D2061A52F9}.Debug|Any CPU.Build.0 = Debug|Any CPU
		{E887EA22-CD83-49E9-A2D1-79D2061A52F9}.Release|Any CPU.ActiveCfg = Release|Any CPU
		{E887EA22-CD83-49E9-A2D1-79D2061A52F9}.Release|Any CPU.Build.0 = Release|Any CPU
		{FD2CA628-AEFB-49BF-BECB-5462A1C72F0C}.Debug|Any CPU.ActiveCfg = Debug|Any CPU
		{FD2CA628-AEFB-49BF-BECB-5462A1C72F0C}.Debug|Any CPU.Build.0 = Debug|Any CPU
		{FD2CA628-AEFB-49BF-BECB-5462A1C72F0C}.Release|Any CPU.ActiveCfg = Release|Any CPU
		{FD2CA628-AEFB-49BF-BECB-5462A1C72F0C}.Release|Any CPU.Build.0 = Release|Any CPU
		{461C5E0C-A07B-458C-B89B-98C938B51EFB}.Debug|Any CPU.ActiveCfg = Debug|Any CPU
		{461C5E0C-A07B-458C-B89B-98C938B51EFB}.Debug|Any CPU.Build.0 = Debug|Any CPU
		{461C5E0C-A07B-458C-B89B-98C938B51EFB}.Release|Any CPU.ActiveCfg = Release|Any CPU
		{461C5E0C-A07B-458C-B89B-98C938B51EFB}.Release|Any CPU.Build.0 = Release|Any CPU
		{B8DEE622-7C41-4C74-ABB7-FE17DCFF09AB}.Debug|Any CPU.ActiveCfg = Debug|Any CPU
		{B8DEE622-7C41-4C74-ABB7-FE17DCFF09AB}.Debug|Any CPU.Build.0 = Debug|Any CPU
		{B8DEE622-7C41-4C74-ABB7-FE17DCFF09AB}.Release|Any CPU.ActiveCfg = Release|Any CPU
		{B8DEE622-7C41-4C74-ABB7-FE17DCFF09AB}.Release|Any CPU.Build.0 = Release|Any CPU
		{FEAD2EBF-C2F2-4269-A6A9-7CBDE5876B67}.Debug|Any CPU.ActiveCfg = Debug|Any CPU
		{FEAD2EBF-C2F2-4269-A6A9-7CBDE5876B67}.Debug|Any CPU.Build.0 = Debug|Any CPU
		{FEAD2EBF-C2F2-4269-A6A9-7CBDE5876B67}.Release|Any CPU.ActiveCfg = Release|Any CPU
		{FEAD2EBF-C2F2-4269-A6A9-7CBDE5876B67}.Release|Any CPU.Build.0 = Release|Any CPU
		{841FF030-1405-4E03-A933-B8EC92985DDD}.Debug|Any CPU.ActiveCfg = Debug|Any CPU
		{841FF030-1405-4E03-A933-B8EC92985DDD}.Debug|Any CPU.Build.0 = Debug|Any CPU
		{841FF030-1405-4E03-A933-B8EC92985DDD}.Release|Any CPU.ActiveCfg = Release|Any CPU
		{841FF030-1405-4E03-A933-B8EC92985DDD}.Release|Any CPU.Build.0 = Release|Any CPU
		{E44FCD80-5013-46E0-9DE7-8E331047D355}.Debug|Any CPU.ActiveCfg = Debug|Any CPU
		{E44FCD80-5013-46E0-9DE7-8E331047D355}.Debug|Any CPU.Build.0 = Debug|Any CPU
		{E44FCD80-5013-46E0-9DE7-8E331047D355}.Release|Any CPU.ActiveCfg = Release|Any CPU
		{E44FCD80-5013-46E0-9DE7-8E331047D355}.Release|Any CPU.Build.0 = Release|Any CPU
		{45297BE9-9D0A-4E59-87AA-DAB4AE93DB4F}.Debug|Any CPU.ActiveCfg = Debug|Any CPU
		{45297BE9-9D0A-4E59-87AA-DAB4AE93DB4F}.Debug|Any CPU.Build.0 = Debug|Any CPU
		{45297BE9-9D0A-4E59-87AA-DAB4AE93DB4F}.Release|Any CPU.ActiveCfg = Release|Any CPU
		{45297BE9-9D0A-4E59-87AA-DAB4AE93DB4F}.Release|Any CPU.Build.0 = Release|Any CPU
		{49047A00-6A4D-4DE6-BA34-CAC251597463}.Debug|Any CPU.ActiveCfg = Debug|Any CPU
		{49047A00-6A4D-4DE6-BA34-CAC251597463}.Debug|Any CPU.Build.0 = Debug|Any CPU
		{49047A00-6A4D-4DE6-BA34-CAC251597463}.Release|Any CPU.ActiveCfg = Release|Any CPU
		{49047A00-6A4D-4DE6-BA34-CAC251597463}.Release|Any CPU.Build.0 = Release|Any CPU
		{BC0C655D-FAD6-406D-B25B-D1F6D779E734}.Debug|Any CPU.ActiveCfg = Debug|Any CPU
		{BC0C655D-FAD6-406D-B25B-D1F6D779E734}.Debug|Any CPU.Build.0 = Debug|Any CPU
		{BC0C655D-FAD6-406D-B25B-D1F6D779E734}.Release|Any CPU.ActiveCfg = Release|Any CPU
		{BC0C655D-FAD6-406D-B25B-D1F6D779E734}.Release|Any CPU.Build.0 = Release|Any CPU
		{5FD6B576-ED36-4BED-96CA-7E6873D0D7D3}.Debug|Any CPU.ActiveCfg = Debug|Any CPU
		{5FD6B576-ED36-4BED-96CA-7E6873D0D7D3}.Debug|Any CPU.Build.0 = Debug|Any CPU
		{5FD6B576-ED36-4BED-96CA-7E6873D0D7D3}.Release|Any CPU.ActiveCfg = Release|Any CPU
		{5FD6B576-ED36-4BED-96CA-7E6873D0D7D3}.Release|Any CPU.Build.0 = Release|Any CPU
		{99A49601-F8FF-4A32-9537-047BA2DE08EC}.Debug|Any CPU.ActiveCfg = Debug|Any CPU
		{99A49601-F8FF-4A32-9537-047BA2DE08EC}.Debug|Any CPU.Build.0 = Debug|Any CPU
		{99A49601-F8FF-4A32-9537-047BA2DE08EC}.Release|Any CPU.ActiveCfg = Release|Any CPU
		{99A49601-F8FF-4A32-9537-047BA2DE08EC}.Release|Any CPU.Build.0 = Release|Any CPU
		{9A7D431B-9E13-41D3-AC0D-EC24989C4F10}.Debug|Any CPU.ActiveCfg = Debug|Any CPU
		{9A7D431B-9E13-41D3-AC0D-EC24989C4F10}.Debug|Any CPU.Build.0 = Debug|Any CPU
		{9A7D431B-9E13-41D3-AC0D-EC24989C4F10}.Release|Any CPU.ActiveCfg = Release|Any CPU
		{9A7D431B-9E13-41D3-AC0D-EC24989C4F10}.Release|Any CPU.Build.0 = Release|Any CPU
		{688C8A72-6676-463B-951D-A1244F7AF98E}.Debug|Any CPU.ActiveCfg = Debug|Any CPU
		{688C8A72-6676-463B-951D-A1244F7AF98E}.Debug|Any CPU.Build.0 = Debug|Any CPU
		{688C8A72-6676-463B-951D-A1244F7AF98E}.Release|Any CPU.ActiveCfg = Release|Any CPU
		{688C8A72-6676-463B-951D-A1244F7AF98E}.Release|Any CPU.Build.0 = Release|Any CPU
		{3484F768-9C90-4D96-9803-549792AB93EB}.Debug|Any CPU.ActiveCfg = Debug|Any CPU
		{3484F768-9C90-4D96-9803-549792AB93EB}.Debug|Any CPU.Build.0 = Debug|Any CPU
		{3484F768-9C90-4D96-9803-549792AB93EB}.Release|Any CPU.ActiveCfg = Release|Any CPU
		{3484F768-9C90-4D96-9803-549792AB93EB}.Release|Any CPU.Build.0 = Release|Any CPU
		{AED85740-B9D9-4CF2-A2EF-29320E3564DC}.Debug|Any CPU.ActiveCfg = Debug|Any CPU
		{AED85740-B9D9-4CF2-A2EF-29320E3564DC}.Debug|Any CPU.Build.0 = Debug|Any CPU
		{AED85740-B9D9-4CF2-A2EF-29320E3564DC}.Release|Any CPU.ActiveCfg = Release|Any CPU
		{AED85740-B9D9-4CF2-A2EF-29320E3564DC}.Release|Any CPU.Build.0 = Release|Any CPU
		{3F6096B8-CC0A-4977-B6E1-915B45C80A92}.Debug|Any CPU.ActiveCfg = Debug|Any CPU
		{3F6096B8-CC0A-4977-B6E1-915B45C80A92}.Debug|Any CPU.Build.0 = Debug|Any CPU
		{3F6096B8-CC0A-4977-B6E1-915B45C80A92}.Release|Any CPU.ActiveCfg = Release|Any CPU
		{3F6096B8-CC0A-4977-B6E1-915B45C80A92}.Release|Any CPU.Build.0 = Release|Any CPU
		{216A384E-DF27-489C-B467-F48B388BDD3A}.Debug|Any CPU.ActiveCfg = Debug|Any CPU
		{216A384E-DF27-489C-B467-F48B388BDD3A}.Debug|Any CPU.Build.0 = Debug|Any CPU
		{216A384E-DF27-489C-B467-F48B388BDD3A}.Release|Any CPU.ActiveCfg = Release|Any CPU
		{216A384E-DF27-489C-B467-F48B388BDD3A}.Release|Any CPU.Build.0 = Release|Any CPU
		{DEC572E8-2B41-430C-9442-F3E1CC5EA194}.Debug|Any CPU.ActiveCfg = Debug|Any CPU
		{DEC572E8-2B41-430C-9442-F3E1CC5EA194}.Debug|Any CPU.Build.0 = Debug|Any CPU
		{DEC572E8-2B41-430C-9442-F3E1CC5EA194}.Release|Any CPU.ActiveCfg = Release|Any CPU
		{DEC572E8-2B41-430C-9442-F3E1CC5EA194}.Release|Any CPU.Build.0 = Release|Any CPU
		{5638B46F-FF70-4EA0-AA49-C19D530C89EC}.Debug|Any CPU.ActiveCfg = Debug|Any CPU
		{5638B46F-FF70-4EA0-AA49-C19D530C89EC}.Debug|Any CPU.Build.0 = Debug|Any CPU
		{5638B46F-FF70-4EA0-AA49-C19D530C89EC}.Release|Any CPU.ActiveCfg = Release|Any CPU
		{5638B46F-FF70-4EA0-AA49-C19D530C89EC}.Release|Any CPU.Build.0 = Release|Any CPU
		{05951994-1FC4-4CD9-B98F-F481C37D1D4B}.Debug|Any CPU.ActiveCfg = Debug|Any CPU
		{05951994-1FC4-4CD9-B98F-F481C37D1D4B}.Debug|Any CPU.Build.0 = Debug|Any CPU
		{05951994-1FC4-4CD9-B98F-F481C37D1D4B}.Release|Any CPU.ActiveCfg = Release|Any CPU
		{05951994-1FC4-4CD9-B98F-F481C37D1D4B}.Release|Any CPU.Build.0 = Release|Any CPU
		{2DF54C8F-839D-4436-B05A-74CABCF1EB13}.Debug|Any CPU.ActiveCfg = Debug|Any CPU
		{2DF54C8F-839D-4436-B05A-74CABCF1EB13}.Debug|Any CPU.Build.0 = Debug|Any CPU
		{2DF54C8F-839D-4436-B05A-74CABCF1EB13}.Release|Any CPU.ActiveCfg = Release|Any CPU
		{2DF54C8F-839D-4436-B05A-74CABCF1EB13}.Release|Any CPU.Build.0 = Release|Any CPU
		{AF73F244-F9DE-4E6F-BC79-8F00F5C1DCED}.Debug|Any CPU.ActiveCfg = Debug|Any CPU
		{AF73F244-F9DE-4E6F-BC79-8F00F5C1DCED}.Debug|Any CPU.Build.0 = Debug|Any CPU
		{AF73F244-F9DE-4E6F-BC79-8F00F5C1DCED}.Release|Any CPU.ActiveCfg = Release|Any CPU
		{AF73F244-F9DE-4E6F-BC79-8F00F5C1DCED}.Release|Any CPU.Build.0 = Release|Any CPU
		{2D8541E7-CBE2-4A7A-85D1-6A65A4933515}.Debug|Any CPU.ActiveCfg = Debug|Any CPU
		{2D8541E7-CBE2-4A7A-85D1-6A65A4933515}.Debug|Any CPU.Build.0 = Debug|Any CPU
		{2D8541E7-CBE2-4A7A-85D1-6A65A4933515}.Release|Any CPU.ActiveCfg = Release|Any CPU
		{2D8541E7-CBE2-4A7A-85D1-6A65A4933515}.Release|Any CPU.Build.0 = Release|Any CPU
		{EDDE1C3E-7E05-4341-A9F2-C251945F4296}.Debug|Any CPU.ActiveCfg = Debug|Any CPU
		{EDDE1C3E-7E05-4341-A9F2-C251945F4296}.Debug|Any CPU.Build.0 = Debug|Any CPU
		{EDDE1C3E-7E05-4341-A9F2-C251945F4296}.Release|Any CPU.ActiveCfg = Release|Any CPU
		{EDDE1C3E-7E05-4341-A9F2-C251945F4296}.Release|Any CPU.Build.0 = Release|Any CPU
		{4A520E62-290A-4092-95CC-EF923AFEE89D}.Debug|Any CPU.ActiveCfg = Debug|Any CPU
		{4A520E62-290A-4092-95CC-EF923AFEE89D}.Debug|Any CPU.Build.0 = Debug|Any CPU
		{4A520E62-290A-4092-95CC-EF923AFEE89D}.Release|Any CPU.ActiveCfg = Release|Any CPU
		{4A520E62-290A-4092-95CC-EF923AFEE89D}.Release|Any CPU.Build.0 = Release|Any CPU
		{01690D54-C282-4FE4-88CC-5A8CC9773400}.Debug|Any CPU.ActiveCfg = Debug|Any CPU
		{01690D54-C282-4FE4-88CC-5A8CC9773400}.Debug|Any CPU.Build.0 = Debug|Any CPU
		{01690D54-C282-4FE4-88CC-5A8CC9773400}.Release|Any CPU.ActiveCfg = Release|Any CPU
		{01690D54-C282-4FE4-88CC-5A8CC9773400}.Release|Any CPU.Build.0 = Release|Any CPU
		{910C456A-7AD6-4500-8849-D12CE09CBB4D}.Debug|Any CPU.ActiveCfg = Debug|Any CPU
		{910C456A-7AD6-4500-8849-D12CE09CBB4D}.Debug|Any CPU.Build.0 = Debug|Any CPU
		{910C456A-7AD6-4500-8849-D12CE09CBB4D}.Release|Any CPU.ActiveCfg = Release|Any CPU
		{910C456A-7AD6-4500-8849-D12CE09CBB4D}.Release|Any CPU.Build.0 = Release|Any CPU
		{1F47682D-F832-46EE-8B3E-FEFA717BEC17}.Debug|Any CPU.ActiveCfg = Debug|Any CPU
		{1F47682D-F832-46EE-8B3E-FEFA717BEC17}.Debug|Any CPU.Build.0 = Debug|Any CPU
		{1F47682D-F832-46EE-8B3E-FEFA717BEC17}.Release|Any CPU.ActiveCfg = Release|Any CPU
		{1F47682D-F832-46EE-8B3E-FEFA717BEC17}.Release|Any CPU.Build.0 = Release|Any CPU
		{F2E99EAD-F4D8-480E-BA74-E433B8BCFBCD}.Debug|Any CPU.ActiveCfg = Debug|Any CPU
		{F2E99EAD-F4D8-480E-BA74-E433B8BCFBCD}.Debug|Any CPU.Build.0 = Debug|Any CPU
		{F2E99EAD-F4D8-480E-BA74-E433B8BCFBCD}.Release|Any CPU.ActiveCfg = Release|Any CPU
		{F2E99EAD-F4D8-480E-BA74-E433B8BCFBCD}.Release|Any CPU.Build.0 = Release|Any CPU
		{067FA768-D30B-426F-A7EC-5480B2B4DD74}.Debug|Any CPU.ActiveCfg = Debug|Any CPU
		{067FA768-D30B-426F-A7EC-5480B2B4DD74}.Debug|Any CPU.Build.0 = Debug|Any CPU
		{067FA768-D30B-426F-A7EC-5480B2B4DD74}.Release|Any CPU.ActiveCfg = Release|Any CPU
		{067FA768-D30B-426F-A7EC-5480B2B4DD74}.Release|Any CPU.Build.0 = Release|Any CPU
		{4713C66B-F1C7-44BE-89E7-0D5590438D49}.Debug|Any CPU.ActiveCfg = Debug|Any CPU
		{4713C66B-F1C7-44BE-89E7-0D5590438D49}.Debug|Any CPU.Build.0 = Debug|Any CPU
		{4713C66B-F1C7-44BE-89E7-0D5590438D49}.Release|Any CPU.ActiveCfg = Release|Any CPU
		{4713C66B-F1C7-44BE-89E7-0D5590438D49}.Release|Any CPU.Build.0 = Release|Any CPU
		{05B73FD6-A29C-4FF3-9937-26C94B5AD4A0}.Debug|Any CPU.ActiveCfg = Debug|Any CPU
		{05B73FD6-A29C-4FF3-9937-26C94B5AD4A0}.Debug|Any CPU.Build.0 = Debug|Any CPU
		{05B73FD6-A29C-4FF3-9937-26C94B5AD4A0}.Release|Any CPU.ActiveCfg = Release|Any CPU
		{05B73FD6-A29C-4FF3-9937-26C94B5AD4A0}.Release|Any CPU.Build.0 = Release|Any CPU
		{01B91CA4-DD5E-49C7-BD17-878A6ABBB012}.Debug|Any CPU.ActiveCfg = Debug|Any CPU
		{01B91CA4-DD5E-49C7-BD17-878A6ABBB012}.Debug|Any CPU.Build.0 = Debug|Any CPU
		{01B91CA4-DD5E-49C7-BD17-878A6ABBB012}.Release|Any CPU.ActiveCfg = Release|Any CPU
		{01B91CA4-DD5E-49C7-BD17-878A6ABBB012}.Release|Any CPU.Build.0 = Release|Any CPU
		{15CC8CBB-E20B-406B-9147-1ED131BB6BC5}.Debug|Any CPU.ActiveCfg = Debug|Any CPU
		{15CC8CBB-E20B-406B-9147-1ED131BB6BC5}.Debug|Any CPU.Build.0 = Debug|Any CPU
		{15CC8CBB-E20B-406B-9147-1ED131BB6BC5}.Release|Any CPU.ActiveCfg = Release|Any CPU
		{15CC8CBB-E20B-406B-9147-1ED131BB6BC5}.Release|Any CPU.Build.0 = Release|Any CPU
		{6462D287-9A6F-42CC-A3E4-5EBD522873B3}.Debug|Any CPU.ActiveCfg = Debug|Any CPU
		{6462D287-9A6F-42CC-A3E4-5EBD522873B3}.Debug|Any CPU.Build.0 = Debug|Any CPU
		{6462D287-9A6F-42CC-A3E4-5EBD522873B3}.Release|Any CPU.ActiveCfg = Release|Any CPU
		{6462D287-9A6F-42CC-A3E4-5EBD522873B3}.Release|Any CPU.Build.0 = Release|Any CPU
	EndGlobalSection
	GlobalSection(SolutionProperties) = preSolution
		HideSolutionNode = FALSE
	EndGlobalSection
	GlobalSection(ExtensibilityGlobals) = postSolution
		SolutionGuid = {BA1BF77B-A953-4783-BAD6-C77D5E97F20F}
	EndGlobalSection
EndGlobal
